
Microsoft Visual Studio Solution File, Format Version 12.00
# Visual Studio Version 16
VisualStudioVersion = 16.0.29306.81
MinimumVisualStudioVersion = 10.0.40219.1
Project("{FAE04EC0-301F-11D3-BF4B-00C04F79EFBC}") = "Cine", "Cine\Cine.csproj", "{27EB3876-0D22-4E81-9C6A-283DCAA10945}"
EndProject
Global
	GlobalSection(SolutionConfigurationPlatforms) = preSolution
		Debug|Any CPU = Debug|Any CPU
		Release|Any CPU = Release|Any CPU
	EndGlobalSection
	GlobalSection(ProjectConfigurationPlatforms) = postSolution
		{27EB3876-0D22-4E81-9C6A-283DCAA10945}.Debug|Any CPU.ActiveCfg = Debug|Any CPU
		{27EB3876-0D22-4E81-9C6A-283DCAA10945}.Debug|Any CPU.Build.0 = Debug|Any CPU
		{27EB3876-0D22-4E81-9C6A-283DCAA10945}.Release|Any CPU.ActiveCfg = Release|Any CPU
		{27EB3876-0D22-4E81-9C6A-283DCAA10945}.Release|Any CPU.Build.0 = Release|Any CPU
	EndGlobalSection
	GlobalSection(SolutionProperties) = preSolution
		HideSolutionNode = FALSE
	EndGlobalSection
	GlobalSection(ExtensibilityGlobals) = postSolution
		SolutionGuid = {37C82C32-3257-4B72-B623-37CF6D89E2EB}
	EndGlobalSection
EndGlobal
